
Microsoft Visual Studio Solution File, Format Version 12.00
# Visual Studio Version 16
VisualStudioVersion = 16.0.28803.352
MinimumVisualStudioVersion = 10.0.40219.1
Project("{FAE04EC0-301F-11D3-BF4B-00C04F79EFBC}") = "ProjectManagementTool", "ProjectManagementTool\ProjectManagementTool.csproj", "{D935FA8D-82BD-4253-80D5-BA9B2DFA1055}"
EndProject
Global
	GlobalSection(SolutionConfigurationPlatforms) = preSolution
		Debug|Any CPU = Debug|Any CPU
		Release|Any CPU = Release|Any CPU
	EndGlobalSection
	GlobalSection(ProjectConfigurationPlatforms) = postSolution
		{D935FA8D-82BD-4253-80D5-BA9B2DFA1055}.Debug|Any CPU.ActiveCfg = Debug|Any CPU
		{D935FA8D-82BD-4253-80D5-BA9B2DFA1055}.Debug|Any CPU.Build.0 = Debug|Any CPU
		{D935FA8D-82BD-4253-80D5-BA9B2DFA1055}.Release|Any CPU.ActiveCfg = Release|Any CPU
		{D935FA8D-82BD-4253-80D5-BA9B2DFA1055}.Release|Any CPU.Build.0 = Release|Any CPU
	EndGlobalSection
	GlobalSection(SolutionProperties) = preSolution
		HideSolutionNode = FALSE
	EndGlobalSection
	GlobalSection(ExtensibilityGlobals) = postSolution
		SolutionGuid = {86D500AC-F661-43F7-843E-4D5DC3A22F6B}
	EndGlobalSection
EndGlobal
